
Microsoft Visual Studio Solution File, Format Version 12.00
# Visual Studio Version 17
VisualStudioVersion = 17.10.35013.160
MinimumVisualStudioVersion = 10.0.40219.1
Project("{FAE04EC0-301F-11D3-BF4B-00C04F79EFBC}") = "HelloWorld", "HelloWorld.csproj", "{153344D5-70B0-4C61-BA9D-F1940AA08987}"
EndProject
Global
	GlobalSection(SolutionConfigurationPlatforms) = preSolution
		Debug|Any CPU = Debug|Any CPU
		Release|Any CPU = Release|Any CPU
	EndGlobalSection
	GlobalSection(ProjectConfigurationPlatforms) = postSolution
		{153344D5-70B0-4C61-BA9D-F1940AA08987}.Debug|Any CPU.ActiveCfg = Debug|Any CPU
		{153344D5-70B0-4C61-BA9D-F1940AA08987}.Debug|Any CPU.Build.0 = Debug|Any CPU
		{153344D5-70B0-4C61-BA9D-F1940AA08987}.Release|Any CPU.ActiveCfg = Release|Any CPU
		{153344D5-70B0-4C61-BA9D-F1940AA08987}.Release|Any CPU.Build.0 = Release|Any CPU
	EndGlobalSection
	GlobalSection(SolutionProperties) = preSolution
		HideSolutionNode = FALSE
	EndGlobalSection
	GlobalSection(ExtensibilityGlobals) = postSolution
		SolutionGuid = {9EF6AF18-CC42-41A7-AA7D-0902C6EB8BD4}
	EndGlobalSection
EndGlobal
